
Microsoft Visual Studio Solution File, Format Version 12.00
# Visual Studio 15
VisualStudioVersion = 15.0.34112.143
MinimumVisualStudioVersion = 10.0.40219.1
Project("{FAE04EC0-301F-11D3-BF4B-00C04F79EFBC}") = "crudFinal", "crudFinal\crudFinal.csproj", "{9412F97B-F590-4F89-915A-C58094A5DAEC}"
EndProject
Global
	GlobalSection(SolutionConfigurationPlatforms) = preSolution
		Debug|Any CPU = Debug|Any CPU
		Release|Any CPU = Release|Any CPU
	EndGlobalSection
	GlobalSection(ProjectConfigurationPlatforms) = postSolution
		{9412F97B-F590-4F89-915A-C58094A5DAEC}.Debug|Any CPU.ActiveCfg = Debug|Any CPU
		{9412F97B-F590-4F89-915A-C58094A5DAEC}.Debug|Any CPU.Build.0 = Debug|Any CPU
		{9412F97B-F590-4F89-915A-C58094A5DAEC}.Release|Any CPU.ActiveCfg = Release|Any CPU
		{9412F97B-F590-4F89-915A-C58094A5DAEC}.Release|Any CPU.Build.0 = Release|Any CPU
	EndGlobalSection
	GlobalSection(SolutionProperties) = preSolution
		HideSolutionNode = FALSE
	EndGlobalSection
	GlobalSection(ExtensibilityGlobals) = postSolution
		SolutionGuid = {7392A353-F88C-4E48-BFC0-10DE85250BE1}
	EndGlobalSection
EndGlobal
